
Microsoft Visual Studio Solution File, Format Version 12.00
# Visual Studio Version 17
VisualStudioVersion = 17.4.33122.133
MinimumVisualStudioVersion = 10.0.40219.1
Project("{9A19103F-16F7-4668-BE54-9A1E7A4F7556}") = "NickvisionMoney.Shared", "NickvisionMoney.Shared\NickvisionMoney.Shared.csproj", "{6AE82815-98D8-4384-89DF-5D66736808FB}"
EndProject
Project("{9A19103F-16F7-4668-BE54-9A1E7A4F7556}") = "NickvisionMoney.GNOME", "NickvisionMoney.GNOME\NickvisionMoney.GNOME.csproj", "{E6589266-B62E-4EB7-B717-38D21986C324}"
EndProject
Project("{FAE04EC0-301F-11D3-BF4B-00C04F79EFBC}") = "NickvisionMoney.WinUI", "NickvisionMoney.WinUI\NickvisionMoney.WinUI.csproj", "{1935A9E9-5BE2-46C6-9945-5105476D58F1}"
EndProject
Global
	GlobalSection(SolutionConfigurationPlatforms) = preSolution
		Debug|Any CPU = Debug|Any CPU
		Debug|ARM64 = Debug|ARM64
		Debug|x64 = Debug|x64
		Debug|x86 = Debug|x86
		Release|Any CPU = Release|Any CPU
		Release|ARM64 = Release|ARM64
		Release|x64 = Release|x64
		Release|x86 = Release|x86
	EndGlobalSection
	GlobalSection(ProjectConfigurationPlatforms) = postSolution
		{6AE82815-98D8-4384-89DF-5D66736808FB}.Debug|Any CPU.ActiveCfg = Debug|Any CPU
		{6AE82815-98D8-4384-89DF-5D66736808FB}.Debug|Any CPU.Build.0 = Debug|Any CPU
		{6AE82815-98D8-4384-89DF-5D66736808FB}.Debug|ARM64.ActiveCfg = Debug|Any CPU
		{6AE82815-98D8-4384-89DF-5D66736808FB}.Debug|ARM64.Build.0 = Debug|Any CPU
		{6AE82815-98D8-4384-89DF-5D66736808FB}.Debug|x64.ActiveCfg = Debug|Any CPU
		{6AE82815-98D8-4384-89DF-5D66736808FB}.Debug|x64.Build.0 = Debug|Any CPU
		{6AE82815-98D8-4384-89DF-5D66736808FB}.Debug|x86.ActiveCfg = Debug|Any CPU
		{6AE82815-98D8-4384-89DF-5D66736808FB}.Debug|x86.Build.0 = Debug|Any CPU
		{6AE82815-98D8-4384-89DF-5D66736808FB}.Release|Any CPU.ActiveCfg = Release|Any CPU
		{6AE82815-98D8-4384-89DF-5D66736808FB}.Release|Any CPU.Build.0 = Release|Any CPU
		{6AE82815-98D8-4384-89DF-5D66736808FB}.Release|ARM64.ActiveCfg = Release|Any CPU
		{6AE82815-98D8-4384-89DF-5D66736808FB}.Release|ARM64.Build.0 = Release|Any CPU
		{6AE82815-98D8-4384-89DF-5D66736808FB}.Release|x64.ActiveCfg = Release|Any CPU
		{6AE82815-98D8-4384-89DF-5D66736808FB}.Release|x64.Build.0 = Release|Any CPU
		{6AE82815-98D8-4384-89DF-5D66736808FB}.Release|x86.ActiveCfg = Release|Any CPU
		{6AE82815-98D8-4384-89DF-5D66736808FB}.Release|x86.Build.0 = Release|Any CPU
		{E6589266-B62E-4EB7-B717-38D21986C324}.Debug|Any CPU.ActiveCfg = Debug|Any CPU
		{E6589266-B62E-4EB7-B717-38D21986C324}.Debug|Any CPU.Build.0 = Debug|Any CPU
		{E6589266-B62E-4EB7-B717-38D21986C324}.Debug|ARM64.ActiveCfg = Debug|Any CPU
		{E6589266-B62E-4EB7-B717-38D21986C324}.Debug|ARM64.Build.0 = Debug|Any CPU
		{E6589266-B62E-4EB7-B717-38D21986C324}.Debug|x64.ActiveCfg = Debug|Any CPU
		{E6589266-B62E-4EB7-B717-38D21986C324}.Debug|x64.Build.0 = Debug|Any CPU
		{E6589266-B62E-4EB7-B717-38D21986C324}.Debug|x86.ActiveCfg = Debug|Any CPU
		{E6589266-B62E-4EB7-B717-38D21986C324}.Debug|x86.Build.0 = Debug|Any CPU
		{E6589266-B62E-4EB7-B717-38D21986C324}.Release|Any CPU.ActiveCfg = Release|Any CPU
		{E6589266-B62E-4EB7-B717-38D21986C324}.Release|Any CPU.Build.0 = Release|Any CPU
		{E6589266-B62E-4EB7-B717-38D21986C324}.Release|ARM64.ActiveCfg = Release|Any CPU
		{E6589266-B62E-4EB7-B717-38D21986C324}.Release|ARM64.Build.0 = Release|Any CPU
		{E6589266-B62E-4EB7-B717-38D21986C324}.Release|x64.ActiveCfg = Release|Any CPU
		{E6589266-B62E-4EB7-B717-38D21986C324}.Release|x64.Build.0 = Release|Any CPU
		{E6589266-B62E-4EB7-B717-38D21986C324}.Release|x86.ActiveCfg = Release|Any CPU
		{E6589266-B62E-4EB7-B717-38D21986C324}.Release|x86.Build.0 = Release|Any CPU
		{1935A9E9-5BE2-46C6-9945-5105476D58F1}.Debug|Any CPU.ActiveCfg = Debug|x64
		{1935A9E9-5BE2-46C6-9945-5105476D58F1}.Debug|Any CPU.Build.0 = Debug|x64
		{1935A9E9-5BE2-46C6-9945-5105476D58F1}.Debug|Any CPU.Deploy.0 = Debug|x64
		{1935A9E9-5BE2-46C6-9945-5105476D58F1}.Debug|ARM64.ActiveCfg = Debug|ARM64
		{1935A9E9-5BE2-46C6-9945-5105476D58F1}.Debug|ARM64.Build.0 = Debug|ARM64
		{1935A9E9-5BE2-46C6-9945-5105476D58F1}.Debug|ARM64.Deploy.0 = Debug|ARM64
		{1935A9E9-5BE2-46C6-9945-5105476D58F1}.Debug|x64.ActiveCfg = Debug|x64
		{1935A9E9-5BE2-46C6-9945-5105476D58F1}.Debug|x64.Build.0 = Debug|x64
		{1935A9E9-5BE2-46C6-9945-5105476D58F1}.Debug|x64.Deploy.0 = Debug|x64
		{1935A9E9-5BE2-46C6-9945-5105476D58F1}.Debug|x86.ActiveCfg = Debug|x86
		{1935A9E9-5BE2-46C6-9945-5105476D58F1}.Debug|x86.Build.0 = Debug|x86
		{1935A9E9-5BE2-46C6-9945-5105476D58F1}.Debug|x86.Deploy.0 = Debug|x86
		{1935A9E9-5BE2-46C6-9945-5105476D58F1}.Release|Any CPU.ActiveCfg = Release|x64
		{1935A9E9-5BE2-46C6-9945-5105476D58F1}.Release|Any CPU.Build.0 = Release|x64
		{1935A9E9-5BE2-46C6-9945-5105476D58F1}.Release|Any CPU.Deploy.0 = Release|x64
		{1935A9E9-5BE2-46C6-9945-5105476D58F1}.Release|ARM64.ActiveCfg = Release|ARM64
		{1935A9E9-5BE2-46C6-9945-5105476D58F1}.Release|ARM64.Build.0 = Release|ARM64
		{1935A9E9-5BE2-46C6-9945-5105476D58F1}.Release|ARM64.Deploy.0 = Release|ARM64
		{1935A9E9-5BE2-46C6-9945-5105476D58F1}.Release|x64.ActiveCfg = Release|x64
		{1935A9E9-5BE2-46C6-9945-5105476D58F1}.Release|x64.Build.0 = Release|x64
		{1935A9E9-5BE2-46C6-9945-5105476D58F1}.Release|x64.Deploy.0 = Release|x64
		{1935A9E9-5BE2-46C6-9945-5105476D58F1}.Release|x86.ActiveCfg = Release|x86
		{1935A9E9-5BE2-46C6-9945-5105476D58F1}.Release|x86.Build.0 = Release|x86
		{1935A9E9-5BE2-46C6-9945-5105476D58F1}.Release|x86.Deploy.0 = Release|x86
	EndGlobalSection
	GlobalSection(SolutionProperties) = preSolution
		HideSolutionNode = FALSE
	EndGlobalSection
	GlobalSection(ExtensibilityGlobals) = postSolution
		SolutionGuid = {0549644D-8D24-4321-B37F-434DA9F297B0}
	EndGlobalSection
EndGlobal
