
Microsoft Visual Studio Solution File, Format Version 12.00
# Visual Studio Version 17
VisualStudioVersion = 17.4.33122.133
MinimumVisualStudioVersion = 10.0.40219.1
Project("{9A19103F-16F7-4668-BE54-9A1E7A4F7556}") = "NickvisionMoney.Shared", "NickvisionMoney.Shared\NickvisionMoney.Shared.csproj", "{6AE82815-98D8-4384-89DF-5D66736808FB}"
EndProject
Project("{9A19103F-16F7-4668-BE54-9A1E7A4F7556}") = "NickvisionMoney.GNOME", "NickvisionMoney.GNOME\NickvisionMoney.GNOME.csproj", "{E6589266-B62E-4EB7-B717-38D21986C324}"
EndProject
Global
	GlobalSection(SolutionConfigurationPlatforms) = preSolution
		Debug|Any CPU = Debug|Any CPU
		Release|Any CPU = Release|Any CPU
	EndGlobalSection
	GlobalSection(ProjectConfigurationPlatforms) = postSolution
		{6AE82815-98D8-4384-89DF-5D66736808FB}.Debug|Any CPU.ActiveCfg = Debug|Any CPU
		{6AE82815-98D8-4384-89DF-5D66736808FB}.Debug|Any CPU.Build.0 = Debug|Any CPU
		{6AE82815-98D8-4384-89DF-5D66736808FB}.Release|Any CPU.ActiveCfg = Release|Any CPU
		{6AE82815-98D8-4384-89DF-5D66736808FB}.Release|Any CPU.Build.0 = Release|Any CPU
		{E6589266-B62E-4EB7-B717-38D21986C324}.Debug|Any CPU.ActiveCfg = Debug|Any CPU
		{E6589266-B62E-4EB7-B717-38D21986C324}.Debug|Any CPU.Build.0 = Debug|Any CPU
		{E6589266-B62E-4EB7-B717-38D21986C324}.Release|Any CPU.ActiveCfg = Release|Any CPU
		{E6589266-B62E-4EB7-B717-38D21986C324}.Release|Any CPU.Build.0 = Release|Any CPU
	EndGlobalSection
	GlobalSection(SolutionProperties) = preSolution
		HideSolutionNode = FALSE
	EndGlobalSection
	GlobalSection(ExtensibilityGlobals) = postSolution
		SolutionGuid = {0549644D-8D24-4321-B37F-434DA9F297B0}
	EndGlobalSection
EndGlobal
